// !$*UTF8*$!
{
	archiveVersion = 1;
	classes = {
	};
	objectVersion = 46;
	objects = {

/* Begin PBXBuildFile section */
		809857DB1D5C6D4D007B008E /* main.m in Sources */ = {isa = PBXBuildFile; fileRef = 809857DA1D5C6D4D007B008E /* main.m */; };
		809857E31D5C6D6D007B008E /* Person.m in Sources */ = {isa = PBXBuildFile; fileRef = 809857E21D5C6D6D007B008E /* Person.m */; };
/* End PBXBuildFile section */

/* Begin PBXCopyFilesBuildPhase section */
		809857D51D5C6D4D007B008E /* CopyFiles */ = {
			isa = PBXCopyFilesBuildPhase;
			buildActionMask = 2147483647;
			dstPath = /usr/share/man/man1/;
			dstSubfolderSpec = 0;
			files = (
			);
			runOnlyForDeploymentPostprocessing = 1;
		};
/* End PBXCopyFilesBuildPhase section */

/* Begin PBXFileReference section */
		809857D71D5C6D4D007B008E /* 04_Ivar&Method */ = {isa = PBXFileReference; explicitFileType = "compiled.mach-o.executable"; includeInIndex = 0; path = "04_Ivar&Method"; sourceTree = BUILT_PRODUCTS_DIR; };
		809857DA1D5C6D4D007B008E /* main.m */ = {isa = PBXFileReference; lastKnownFileType = sourcecode.c.objc; path = main.m; sourceTree = "<group>"; };
		809857E11D5C6D6D007B008E /* Person.h */ = {isa = PBXFileReference; fileEncoding = 4; lastKnownFileType = sourcecode.c.h; path = Person.h; sourceTree = "<group>"; };
		809857E21D5C6D6D007B008E /* Person.m */ = {isa = PBXFileReference; fileEncoding = 4; lastKnownFileType = sourcecode.c.objc; path = Person.m; sourceTree = "<group>"; };
/* End PBXFileReference section */

/* Begin PBXFrameworksBuildPhase section */
		809857D41D5C6D4D007B008E /* Frameworks */ = {
			isa = PBXFrameworksBuildPhase;
			buildActionMask = 2147483647;
			files = (
			);
			runOnlyForDeploymentPostprocessing = 0;
		};
/* End PBXFrameworksBuildPhase section */

/* Begin PBXGroup section */
		809857CE1D5C6D4D007B008E = {
			isa = PBXGroup;
			children = (
				809857D91D5C6D4D007B008E /* 04_Ivar&Method */,
				809857D81D5C6D4D007B008E /* Products */,
			);
			sourceTree = "<group>";
		};
		809857D81D5C6D4D007B008E /* Products */ = {
			isa = PBXGroup;
			children = (
				809857D71D5C6D4D007B008E /* 04_Ivar&Method */,
			);
			name = Products;
			sourceTree = "<group>";
		};
		809857D91D5C6D4D007B008E /* 04_Ivar&Method */ = {
			isa = PBXGroup;
			children = (
				809857DA1D5C6D4D007B008E /* main.m */,
				809857E11D5C6D6D007B008E /* Person.h */,
				809857E21D5C6D6D007B008E /* Person.m */,
			);
			path = "04_Ivar&Method";
			sourceTree = "<group>";
		};
/* End PBXGroup section */

/* Begin PBXNativeTarget section */
		809857D61D5C6D4D007B008E /* 04_Ivar&Method */ = {
			isa = PBXNativeTarget;
			buildConfigurationList = 809857DE1D5C6D4D007B008E /* Build configuration list for PBXNativeTarget "04_Ivar&Method" */;
			buildPhases = (
				809857D31D5C6D4D007B008E /* Sources */,
				809857D41D5C6D4D007B008E /* Frameworks */,
				809857D51D5C6D4D007B008E /* CopyFiles */,
			);
			buildRules = (
			);
			dependencies = (
			);
			name = "04_Ivar&Method";
			productName = "04_Ivar&Method";
			productReference = 809857D71D5C6D4D007B008E /* 04_Ivar&Method */;
			productType = "com.apple.product-type.tool";
		};
/* End PBXNativeTarget section */

/* Begin PBXProject section */
		809857CF1D5C6D4D007B008E /* Project object */ = {
			isa = PBXProject;
			attributes = {
				LastUpgradeCheck = 0730;
				ORGANIZATIONNAME = aicai;
				TargetAttributes = {
					809857D61D5C6D4D007B008E = {
						CreatedOnToolsVersion = 7.3.1;
					};
				};
			};
			buildConfigurationList = 809857D21D5C6D4D007B008E /* Build configuration list for PBXProject "04_Ivar&Method" */;
			compatibilityVersion = "Xcode 3.2";
			developmentRegion = English;
			hasScannedForEncodings = 0;
			knownRegions = (
				en,
			);
			mainGroup = 809857CE1D5C6D4D007B008E;
			productRefGroup = 809857D81D5C6D4D007B008E /* Products */;
			projectDirPath = "";
			projectRoot = "";
			targets = (
				809857D61D5C6D4D007B008E /* 04_Ivar&Method */,
			);
		};
/* End PBXProject section */

/* Begin PBXSourcesBuildPhase section */
		809857D31D5C6D4D007B008E /* Sources */ = {
			isa = PBXSourcesBuildPhase;
			buildActionMask = 2147483647;
			files = (
				809857E31D5C6D6D007B008E /* Person.m in Sources */,
				809857DB1D5C6D4D007B008E /* main.m in Sources */,
			);
			runOnlyForDeploymentPostprocessing = 0;
		};
/* End PBXSourcesBuildPhase section */

/* Begin XCBuildConfiguration section */
		809857DC1D5C6D4D007B008E /* Debug */ = {
			isa = XCBuildConfiguration;
			buildSettings = {
				ALWAYS_SEARCH_USER_PATHS = NO;
				CLANG_ANALYZER_NONNULL = YES;
				CLANG_CXX_LANGUAGE_STANDARD = "gnu++0x";
				CLANG_CXX_LIBRARY = "libc++";
				CLANG_ENABLE_MODULES = YES;
				CLANG_ENABLE_OBJC_ARC = YES;
				CLANG_WARN_BOOL_CONVERSION = YES;
				CLANG_WARN_CONSTANT_CONVERSION = YES;
				CLANG_WARN_DIRECT_OBJC_ISA_USAGE = YES_ERROR;
				CLANG_WARN_EMPTY_BODY = YES;
				CLANG_WARN_ENUM_CONVERSION = YES;
				CLANG_WARN_INT_CONVERSION = YES;
				CLANG_WARN_OBJC_ROOT_CLASS = YES_ERROR;
				CLANG_WARN_UNREACHABLE_CODE = YES;
				CLANG_WARN__DUPLICATE_METHOD_MATCH = YES;
				CODE_SIGN_IDENTITY = "-";
				COPY_PHASE_STRIP = NO;
				DEBUG_INFORMATION_FORMAT = dwarf;
				ENABLE_STRICT_OBJC_MSGSEND = YES;
				ENABLE_TESTABILITY = YES;
				GCC_C_LANGUAGE_STANDARD = gnu99;
				GCC_DYNAMIC_NO_PIC = NO;
				GCC_NO_COMMON_BLOCKS = YES;
				GCC_OPTIMIZATION_LEVEL = 0;
				GCC_PREPROCESSOR_DEFINITIONS = (
					"DEBUG=1",
					"$(inherited)",
				);
				GCC_WARN_64_TO_32_BIT_CONVERSION = YES;
				GCC_WARN_ABOUT_RETURN_TYPE = YES_ERROR;
				GCC_WARN_UNDECLARED_SELECTOR = YES;
				GCC_WARN_UNINITIALIZED_AUTOS = YES_AGGRESSIVE;
				GCC_WARN_UNUSED_FUNCTION = YES;
				GCC_WARN_UNUSED_VARIABLE = YES;
				MACOSX_DEPLOYMENT_TARGET = 10.11;
				MTL_ENABLE_DEBUG_INFO = YES;
				ONLY_ACTIVE_ARCH = YES;
				SDKROOT = macosx;
			};
			name = Debug;
		};
		809857DD1D5C6D4D007B008E /* Release */ = {
			isa = XCBuildConfiguration;
			buildSettings = {
				ALWAYS_SEARCH_USER_PATHS = NO;
				CLANG_ANALYZER_NONNULL = YES;
				CLANG_CXX_LANGUAGE_STANDARD = "gnu++0x";
				CLANG_CXX_LIBRARY = "libc++";
				CLANG_ENABLE_MODULES = YES;
				CLANG_ENABLE_OBJC_ARC = YES;
				CLANG_WARN_BOOL_CONVERSION = YES;
				CLANG_WARN_CONSTANT_CONVERSION = YES;
				CLANG_WARN_DIRECT_OBJC_ISA_USAGE = YES_ERROR;
				CLANG_WARN_EMPTY_BODY = YES;
				CLANG_WARN_ENUM_CONVERSION = YES;
				CLANG_WARN_INT_CONVERSION = YES;
				CLANG_WARN_OBJC_ROOT_CLASS = YES_ERROR;
				CLANG_WARN_UNREACHABLE_CODE = YES;
				CLANG_WARN__DUPLICATE_METHOD_MATCH = YES;
				CODE_SIGN_IDENTITY = "-";
				COPY_PHASE_STRIP = NO;
				DEBUG_INFORMATION_FORMAT = "dwarf-with-dsym";
				ENABLE_NS_ASSERTIONS = NO;
				ENABLE_STRICT_OBJC_MSGSEND = YES;
				GCC_C_LANGUAGE_STANDARD = gnu99;
				GCC_NO_COMMON_BLOCKS = YES;
				GCC_WARN_64_TO_32_BIT_CONVERSION = YES;
				GCC_WARN_ABOUT_RETURN_TYPE = YES_ERROR;
				GCC_WARN_UNDECLARED_SELECTOR = YES;
				GCC_WARN_UNINITIALIZED_AUTOS = YES_AGGRESSIVE;
				GCC_WARN_UNUSED_FUNCTION = YES;
				GCC_WARN_UNUSED_VARIABLE = YES;
				MACOSX_DEPLOYMENT_TARGET = 10.11;
				MTL_ENABLE_DEBUG_INFO = NO;
				SDKROOT = macosx;
			};
			name = Release;
		};
		809857DF1D5C6D4D007B008E /* Debug */ = {
			isa = XCBuildConfiguration;
			buildSettings = {
				PRODUCT_NAME = "$(TARGET_NAME)";
			};
			name = Debug;
		};
		809857E01D5C6D4D007B008E /* Release */ = {
			isa = XCBuildConfiguration;
			buildSettings = {
				PRODUCT_NAME = "$(TARGET_NAME)";
			};
			name = Release;
		};
/* End XCBuildConfiguration section */

/* Begin XCConfigurationList section */
		809857D21D5C6D4D007B008E /* Build configuration list for PBXProject "04_Ivar&Method" */ = {
			isa = XCConfigurationList;
			buildConfigurations = (
				809857DC1D5C6D4D007B008E /* Debug */,
				809857DD1D5C6D4D007B008E /* Release */,
			);
			defaultConfigurationIsVisible = 0;
			defaultConfigurationName = Release;
		};
		809857DE1D5C6D4D007B008E /* Build configuration list for PBXNativeTarget "04_Ivar&Method" */ = {
			isa = XCConfigurationList;
			buildConfigurations = (
				809857DF1D5C6D4D007B008E /* Debug */,
				809857E01D5C6D4D007B008E /* Release */,
			);
			defaultConfigurationIsVisible = 0;
		};
/* End XCConfigurationList section */
	};
	rootObject = 809857CF1D5C6D4D007B008E /* Project object */;
}
