// !$*UTF8*$!
{
	archiveVersion = 1;
	classes = {
	};
	objectVersion = 46;
	objects = {

/* Begin PBXBuildFile section */
		80558A9F1CCA2ECB0032CE88 /* main.m in Sources */ = {isa = PBXBuildFile; fileRef = 80558A9E1CCA2ECB0032CE88 /* main.m */; };
		80558AA71CCA31590032CE88 /* NSString+SwizzlingMethod.m in Sources */ = {isa = PBXBuildFile; fileRef = 80558AA61CCA31590032CE88 /* NSString+SwizzlingMethod.m */; };
/* End PBXBuildFile section */

/* Begin PBXCopyFilesBuildPhase section */
		80558A991CCA2ECB0032CE88 /* CopyFiles */ = {
			isa = PBXCopyFilesBuildPhase;
			buildActionMask = 2147483647;
			dstPath = /usr/share/man/man1/;
			dstSubfolderSpec = 0;
			files = (
			);
			runOnlyForDeploymentPostprocessing = 1;
		};
/* End PBXCopyFilesBuildPhase section */

/* Begin PBXFileReference section */
		80558A9B1CCA2ECB0032CE88 /* 02_MethodSwizzling */ = {isa = PBXFileReference; explicitFileType = "compiled.mach-o.executable"; includeInIndex = 0; path = 02_MethodSwizzling; sourceTree = BUILT_PRODUCTS_DIR; };
		80558A9E1CCA2ECB0032CE88 /* main.m */ = {isa = PBXFileReference; lastKnownFileType = sourcecode.c.objc; path = main.m; sourceTree = "<group>"; };
		80558AA51CCA31590032CE88 /* NSString+SwizzlingMethod.h */ = {isa = PBXFileReference; fileEncoding = 4; lastKnownFileType = sourcecode.c.h; path = "NSString+SwizzlingMethod.h"; sourceTree = "<group>"; };
		80558AA61CCA31590032CE88 /* NSString+SwizzlingMethod.m */ = {isa = PBXFileReference; fileEncoding = 4; lastKnownFileType = sourcecode.c.objc; path = "NSString+SwizzlingMethod.m"; sourceTree = "<group>"; };
/* End PBXFileReference section */

/* Begin PBXFrameworksBuildPhase section */
		80558A981CCA2ECB0032CE88 /* Frameworks */ = {
			isa = PBXFrameworksBuildPhase;
			buildActionMask = 2147483647;
			files = (
			);
			runOnlyForDeploymentPostprocessing = 0;
		};
/* End PBXFrameworksBuildPhase section */

/* Begin PBXGroup section */
		80558A921CCA2ECB0032CE88 = {
			isa = PBXGroup;
			children = (
				80558A9D1CCA2ECB0032CE88 /* 02_MethodSwizzling */,
				80558A9C1CCA2ECB0032CE88 /* Products */,
			);
			sourceTree = "<group>";
		};
		80558A9C1CCA2ECB0032CE88 /* Products */ = {
			isa = PBXGroup;
			children = (
				80558A9B1CCA2ECB0032CE88 /* 02_MethodSwizzling */,
			);
			name = Products;
			sourceTree = "<group>";
		};
		80558A9D1CCA2ECB0032CE88 /* 02_MethodSwizzling */ = {
			isa = PBXGroup;
			children = (
				80558A9E1CCA2ECB0032CE88 /* main.m */,
				80558AA51CCA31590032CE88 /* NSString+SwizzlingMethod.h */,
				80558AA61CCA31590032CE88 /* NSString+SwizzlingMethod.m */,
			);
			path = 02_MethodSwizzling;
			sourceTree = "<group>";
		};
/* End PBXGroup section */

/* Begin PBXNativeTarget section */
		80558A9A1CCA2ECB0032CE88 /* 02_MethodSwizzling */ = {
			isa = PBXNativeTarget;
			buildConfigurationList = 80558AA21CCA2ECB0032CE88 /* Build configuration list for PBXNativeTarget "02_MethodSwizzling" */;
			buildPhases = (
				80558A971CCA2ECB0032CE88 /* Sources */,
				80558A981CCA2ECB0032CE88 /* Frameworks */,
				80558A991CCA2ECB0032CE88 /* CopyFiles */,
			);
			buildRules = (
			);
			dependencies = (
			);
			name = 02_MethodSwizzling;
			productName = 02_MethodSwizzling;
			productReference = 80558A9B1CCA2ECB0032CE88 /* 02_MethodSwizzling */;
			productType = "com.apple.product-type.tool";
		};
/* End PBXNativeTarget section */

/* Begin PBXProject section */
		80558A931CCA2ECB0032CE88 /* Project object */ = {
			isa = PBXProject;
			attributes = {
				LastUpgradeCheck = 0730;
				ORGANIZATIONNAME = aicai;
				TargetAttributes = {
					80558A9A1CCA2ECB0032CE88 = {
						CreatedOnToolsVersion = 7.3;
					};
				};
			};
			buildConfigurationList = 80558A961CCA2ECB0032CE88 /* Build configuration list for PBXProject "02_MethodSwizzling" */;
			compatibilityVersion = "Xcode 3.2";
			developmentRegion = English;
			hasScannedForEncodings = 0;
			knownRegions = (
				en,
			);
			mainGroup = 80558A921CCA2ECB0032CE88;
			productRefGroup = 80558A9C1CCA2ECB0032CE88 /* Products */;
			projectDirPath = "";
			projectRoot = "";
			targets = (
				80558A9A1CCA2ECB0032CE88 /* 02_MethodSwizzling */,
			);
		};
/* End PBXProject section */

/* Begin PBXSourcesBuildPhase section */
		80558A971CCA2ECB0032CE88 /* Sources */ = {
			isa = PBXSourcesBuildPhase;
			buildActionMask = 2147483647;
			files = (
				80558AA71CCA31590032CE88 /* NSString+SwizzlingMethod.m in Sources */,
				80558A9F1CCA2ECB0032CE88 /* main.m in Sources */,
			);
			runOnlyForDeploymentPostprocessing = 0;
		};
/* End PBXSourcesBuildPhase section */

/* Begin XCBuildConfiguration section */
		80558AA01CCA2ECB0032CE88 /* Debug */ = {
			isa = XCBuildConfiguration;
			buildSettings = {
				ALWAYS_SEARCH_USER_PATHS = NO;
				CLANG_ANALYZER_NONNULL = YES;
				CLANG_CXX_LANGUAGE_STANDARD = "gnu++0x";
				CLANG_CXX_LIBRARY = "libc++";
				CLANG_ENABLE_MODULES = YES;
				CLANG_ENABLE_OBJC_ARC = YES;
				CLANG_WARN_BOOL_CONVERSION = YES;
				CLANG_WARN_CONSTANT_CONVERSION = YES;
				CLANG_WARN_DIRECT_OBJC_ISA_USAGE = YES_ERROR;
				CLANG_WARN_EMPTY_BODY = YES;
				CLANG_WARN_ENUM_CONVERSION = YES;
				CLANG_WARN_INT_CONVERSION = YES;
				CLANG_WARN_OBJC_ROOT_CLASS = YES_ERROR;
				CLANG_WARN_UNREACHABLE_CODE = YES;
				CLANG_WARN__DUPLICATE_METHOD_MATCH = YES;
				CODE_SIGN_IDENTITY = "-";
				COPY_PHASE_STRIP = NO;
				DEBUG_INFORMATION_FORMAT = dwarf;
				ENABLE_STRICT_OBJC_MSGSEND = YES;
				ENABLE_TESTABILITY = YES;
				GCC_C_LANGUAGE_STANDARD = gnu99;
				GCC_DYNAMIC_NO_PIC = NO;
				GCC_NO_COMMON_BLOCKS = YES;
				GCC_OPTIMIZATION_LEVEL = 0;
				GCC_PREPROCESSOR_DEFINITIONS = (
					"DEBUG=1",
					"$(inherited)",
				);
				GCC_WARN_64_TO_32_BIT_CONVERSION = YES;
				GCC_WARN_ABOUT_RETURN_TYPE = YES_ERROR;
				GCC_WARN_UNDECLARED_SELECTOR = YES;
				GCC_WARN_UNINITIALIZED_AUTOS = YES_AGGRESSIVE;
				GCC_WARN_UNUSED_FUNCTION = YES;
				GCC_WARN_UNUSED_VARIABLE = YES;
				MACOSX_DEPLOYMENT_TARGET = 10.11;
				MTL_ENABLE_DEBUG_INFO = YES;
				ONLY_ACTIVE_ARCH = YES;
				SDKROOT = macosx;
			};
			name = Debug;
		};
		80558AA11CCA2ECB0032CE88 /* Release */ = {
			isa = XCBuildConfiguration;
			buildSettings = {
				ALWAYS_SEARCH_USER_PATHS = NO;
				CLANG_ANALYZER_NONNULL = YES;
				CLANG_CXX_LANGUAGE_STANDARD = "gnu++0x";
				CLANG_CXX_LIBRARY = "libc++";
				CLANG_ENABLE_MODULES = YES;
				CLANG_ENABLE_OBJC_ARC = YES;
				CLANG_WARN_BOOL_CONVERSION = YES;
				CLANG_WARN_CONSTANT_CONVERSION = YES;
				CLANG_WARN_DIRECT_OBJC_ISA_USAGE = YES_ERROR;
				CLANG_WARN_EMPTY_BODY = YES;
				CLANG_WARN_ENUM_CONVERSION = YES;
				CLANG_WARN_INT_CONVERSION = YES;
				CLANG_WARN_OBJC_ROOT_CLASS = YES_ERROR;
				CLANG_WARN_UNREACHABLE_CODE = YES;
				CLANG_WARN__DUPLICATE_METHOD_MATCH = YES;
				CODE_SIGN_IDENTITY = "-";
				COPY_PHASE_STRIP = NO;
				DEBUG_INFORMATION_FORMAT = "dwarf-with-dsym";
				ENABLE_NS_ASSERTIONS = NO;
				ENABLE_STRICT_OBJC_MSGSEND = YES;
				GCC_C_LANGUAGE_STANDARD = gnu99;
				GCC_NO_COMMON_BLOCKS = YES;
				GCC_WARN_64_TO_32_BIT_CONVERSION = YES;
				GCC_WARN_ABOUT_RETURN_TYPE = YES_ERROR;
				GCC_WARN_UNDECLARED_SELECTOR = YES;
				GCC_WARN_UNINITIALIZED_AUTOS = YES_AGGRESSIVE;
				GCC_WARN_UNUSED_FUNCTION = YES;
				GCC_WARN_UNUSED_VARIABLE = YES;
				MACOSX_DEPLOYMENT_TARGET = 10.11;
				MTL_ENABLE_DEBUG_INFO = NO;
				SDKROOT = macosx;
			};
			name = Release;
		};
		80558AA31CCA2ECB0032CE88 /* Debug */ = {
			isa = XCBuildConfiguration;
			buildSettings = {
				PRODUCT_NAME = "$(TARGET_NAME)";
			};
			name = Debug;
		};
		80558AA41CCA2ECB0032CE88 /* Release */ = {
			isa = XCBuildConfiguration;
			buildSettings = {
				PRODUCT_NAME = "$(TARGET_NAME)";
			};
			name = Release;
		};
/* End XCBuildConfiguration section */

/* Begin XCConfigurationList section */
		80558A961CCA2ECB0032CE88 /* Build configuration list for PBXProject "02_MethodSwizzling" */ = {
			isa = XCConfigurationList;
			buildConfigurations = (
				80558AA01CCA2ECB0032CE88 /* Debug */,
				80558AA11CCA2ECB0032CE88 /* Release */,
			);
			defaultConfigurationIsVisible = 0;
			defaultConfigurationName = Release;
		};
		80558AA21CCA2ECB0032CE88 /* Build configuration list for PBXNativeTarget "02_MethodSwizzling" */ = {
			isa = XCConfigurationList;
			buildConfigurations = (
				80558AA31CCA2ECB0032CE88 /* Debug */,
				80558AA41CCA2ECB0032CE88 /* Release */,
			);
			defaultConfigurationIsVisible = 0;
		};
/* End XCConfigurationList section */
	};
	rootObject = 80558A931CCA2ECB0032CE88 /* Project object */;
}
